
Microsoft Visual Studio Solution File, Format Version 12.00
# Visual Studio Version 17
VisualStudioVersion = 17.9.34728.123
MinimumVisualStudioVersion = 10.0.40219.1
Project("{FAE04EC0-301F-11D3-BF4B-00C04F79EFBC}") = "Challange3", "Challange3.csproj", "{2C190E25-BFBC-456A-B076-F79AC307700B}"
EndProject
Global
	GlobalSection(SolutionConfigurationPlatforms) = preSolution
		Debug|Any CPU = Debug|Any CPU
		Release|Any CPU = Release|Any CPU
	EndGlobalSection
	GlobalSection(ProjectConfigurationPlatforms) = postSolution
		{2C190E25-BFBC-456A-B076-F79AC307700B}.Debug|Any CPU.ActiveCfg = Debug|Any CPU
		{2C190E25-BFBC-456A-B076-F79AC307700B}.Debug|Any CPU.Build.0 = Debug|Any CPU
		{2C190E25-BFBC-456A-B076-F79AC307700B}.Release|Any CPU.ActiveCfg = Release|Any CPU
		{2C190E25-BFBC-456A-B076-F79AC307700B}.Release|Any CPU.Build.0 = Release|Any CPU
	EndGlobalSection
	GlobalSection(SolutionProperties) = preSolution
		HideSolutionNode = FALSE
	EndGlobalSection
	GlobalSection(ExtensibilityGlobals) = postSolution
		SolutionGuid = {9A12DC4F-418A-4A0A-966F-EC27DDB3A157}
	EndGlobalSection
EndGlobal
